
Microsoft Visual Studio Solution File, Format Version 12.00
# Visual Studio 15
VisualStudioVersion = 15.0.28010.2026
MinimumVisualStudioVersion = 10.0.40219.1
Project("{FAE04EC0-301F-11D3-BF4B-00C04F79EFBC}") = "Test1.Android", "Test1\Test1.Android\Test1.Android.csproj", "{7D1278FD-96A1-4173-B9FA-099D66E2F27F}"
EndProject
Project("{FAE04EC0-301F-11D3-BF4B-00C04F79EFBC}") = "Test1.iOS", "Test1\Test1.iOS\Test1.iOS.csproj", "{4040B75C-58AA-46D6-9977-D3087A36BECA}"
EndProject
Project("{FAE04EC0-301F-11D3-BF4B-00C04F79EFBC}") = "Test1", "Test1\Test1\Test1.csproj", "{0C85BBB5-7C4D-4180-AFC4-380B576B0F06}"
EndProject
Project("{FAE04EC0-301F-11D3-BF4B-00C04F79EFBC}") = "LibraryCalc", "LibraryCalc\LibraryCalc.csproj", "{8B30DDD9-8936-49B9-B88C-7AEAFE29E0C6}"
EndProject
Global
	GlobalSection(SolutionConfigurationPlatforms) = preSolution
		Ad-Hoc|Any CPU = Ad-Hoc|Any CPU
		Ad-Hoc|iPhone = Ad-Hoc|iPhone
		Ad-Hoc|iPhoneSimulator = Ad-Hoc|iPhoneSimulator
		AppStore|Any CPU = AppStore|Any CPU
		AppStore|iPhone = AppStore|iPhone
		AppStore|iPhoneSimulator = AppStore|iPhoneSimulator
		Debug|Any CPU = Debug|Any CPU
		Debug|iPhone = Debug|iPhone
		Debug|iPhoneSimulator = Debug|iPhoneSimulator
		Release|Any CPU = Release|Any CPU
		Release|iPhone = Release|iPhone
		Release|iPhoneSimulator = Release|iPhoneSimulator
	EndGlobalSection
	GlobalSection(ProjectConfigurationPlatforms) = postSolution
		{7D1278FD-96A1-4173-B9FA-099D66E2F27F}.Ad-Hoc|Any CPU.ActiveCfg = Release|Any CPU
		{7D1278FD-96A1-4173-B9FA-099D66E2F27F}.Ad-Hoc|Any CPU.Build.0 = Release|Any CPU
		{7D1278FD-96A1-4173-B9FA-099D66E2F27F}.Ad-Hoc|Any CPU.Deploy.0 = Release|Any CPU
		{7D1278FD-96A1-4173-B9FA-099D66E2F27F}.Ad-Hoc|iPhone.ActiveCfg = Release|Any CPU
		{7D1278FD-96A1-4173-B9FA-099D66E2F27F}.Ad-Hoc|iPhone.Build.0 = Release|Any CPU
		{7D1278FD-96A1-4173-B9FA-099D66E2F27F}.Ad-Hoc|iPhone.Deploy.0 = Release|Any CPU
		{7D1278FD-96A1-4173-B9FA-099D66E2F27F}.Ad-Hoc|iPhoneSimulator.ActiveCfg = Release|Any CPU
		{7D1278FD-96A1-4173-B9FA-099D66E2F27F}.Ad-Hoc|iPhoneSimulator.Build.0 = Release|Any CPU
		{7D1278FD-96A1-4173-B9FA-099D66E2F27F}.Ad-Hoc|iPhoneSimulator.Deploy.0 = Release|Any CPU
		{7D1278FD-96A1-4173-B9FA-099D66E2F27F}.AppStore|Any CPU.ActiveCfg = Release|Any CPU
		{7D1278FD-96A1-4173-B9FA-099D66E2F27F}.AppStore|Any CPU.Build.0 = Release|Any CPU
		{7D1278FD-96A1-4173-B9FA-099D66E2F27F}.AppStore|Any CPU.Deploy.0 = Release|Any CPU
		{7D1278FD-96A1-4173-B9FA-099D66E2F27F}.AppStore|iPhone.ActiveCfg = Release|Any CPU
		{7D1278FD-96A1-4173-B9FA-099D66E2F27F}.AppStore|iPhone.Build.0 = Release|Any CPU
		{7D1278FD-96A1-4173-B9FA-099D66E2F27F}.AppStore|iPhone.Deploy.0 = Release|Any CPU
		{7D1278FD-96A1-4173-B9FA-099D66E2F27F}.AppStore|iPhoneSimulator.ActiveCfg = Release|Any CPU
		{7D1278FD-96A1-4173-B9FA-099D66E2F27F}.AppStore|iPhoneSimulator.Build.0 = Release|Any CPU
		{7D1278FD-96A1-4173-B9FA-099D66E2F27F}.AppStore|iPhoneSimulator.Deploy.0 = Release|Any CPU
		{7D1278FD-96A1-4173-B9FA-099D66E2F27F}.Debug|Any CPU.ActiveCfg = Debug|Any CPU
		{7D1278FD-96A1-4173-B9FA-099D66E2F27F}.Debug|Any CPU.Build.0 = Debug|Any CPU
		{7D1278FD-96A1-4173-B9FA-099D66E2F27F}.Debug|Any CPU.Deploy.0 = Debug|Any CPU
		{7D1278FD-96A1-4173-B9FA-099D66E2F27F}.Debug|iPhone.ActiveCfg = Debug|Any CPU
		{7D1278FD-96A1-4173-B9FA-099D66E2F27F}.Debug|iPhone.Build.0 = Debug|Any CPU
		{7D1278FD-96A1-4173-B9FA-099D66E2F27F}.Debug|iPhone.Deploy.0 = Debug|Any CPU
		{7D1278FD-96A1-4173-B9FA-099D66E2F27F}.Debug|iPhoneSimulator.ActiveCfg = Debug|Any CPU
		{7D1278FD-96A1-4173-B9FA-099D66E2F27F}.Debug|iPhoneSimulator.Build.0 = Debug|Any CPU
		{7D1278FD-96A1-4173-B9FA-099D66E2F27F}.Debug|iPhoneSimulator.Deploy.0 = Debug|Any CPU
		{7D1278FD-96A1-4173-B9FA-099D66E2F27F}.Release|Any CPU.ActiveCfg = Release|Any CPU
		{7D1278FD-96A1-4173-B9FA-099D66E2F27F}.Release|Any CPU.Build.0 = Release|Any CPU
		{7D1278FD-96A1-4173-B9FA-099D66E2F27F}.Release|Any CPU.Deploy.0 = Release|Any CPU
		{7D1278FD-96A1-4173-B9FA-099D66E2F27F}.Release|iPhone.ActiveCfg = Release|Any CPU
		{7D1278FD-96A1-4173-B9FA-099D66E2F27F}.Release|iPhone.Build.0 = Release|Any CPU
		{7D1278FD-96A1-4173-B9FA-099D66E2F27F}.Release|iPhone.Deploy.0 = Release|Any CPU
		{7D1278FD-96A1-4173-B9FA-099D66E2F27F}.Release|iPhoneSimulator.ActiveCfg = Release|Any CPU
		{7D1278FD-96A1-4173-B9FA-099D66E2F27F}.Release|iPhoneSimulator.Build.0 = Release|Any CPU
		{7D1278FD-96A1-4173-B9FA-099D66E2F27F}.Release|iPhoneSimulator.Deploy.0 = Release|Any CPU
		{4040B75C-58AA-46D6-9977-D3087A36BECA}.Ad-Hoc|Any CPU.ActiveCfg = Ad-Hoc|iPhone
		{4040B75C-58AA-46D6-9977-D3087A36BECA}.Ad-Hoc|Any CPU.Build.0 = Ad-Hoc|iPhone
		{4040B75C-58AA-46D6-9977-D3087A36BECA}.Ad-Hoc|Any CPU.Deploy.0 = Ad-Hoc|iPhone
		{4040B75C-58AA-46D6-9977-D3087A36BECA}.Ad-Hoc|iPhone.ActiveCfg = Ad-Hoc|iPhone
		{4040B75C-58AA-46D6-9977-D3087A36BECA}.Ad-Hoc|iPhone.Build.0 = Ad-Hoc|iPhone
		{4040B75C-58AA-46D6-9977-D3087A36BECA}.Ad-Hoc|iPhone.Deploy.0 = Ad-Hoc|iPhone
		{4040B75C-58AA-46D6-9977-D3087A36BECA}.Ad-Hoc|iPhoneSimulator.ActiveCfg = Ad-Hoc|iPhoneSimulator
		{4040B75C-58AA-46D6-9977-D3087A36BECA}.Ad-Hoc|iPhoneSimulator.Build.0 = Ad-Hoc|iPhoneSimulator
		{4040B75C-58AA-46D6-9977-D3087A36BECA}.Ad-Hoc|iPhoneSimulator.Deploy.0 = Ad-Hoc|iPhoneSimulator
		{4040B75C-58AA-46D6-9977-D3087A36BECA}.AppStore|Any CPU.ActiveCfg = AppStore|iPhone
		{4040B75C-58AA-46D6-9977-D3087A36BECA}.AppStore|Any CPU.Build.0 = AppStore|iPhone
		{4040B75C-58AA-46D6-9977-D3087A36BECA}.AppStore|Any CPU.Deploy.0 = AppStore|iPhone
		{4040B75C-58AA-46D6-9977-D3087A36BECA}.AppStore|iPhone.ActiveCfg = AppStore|iPhone
		{4040B75C-58AA-46D6-9977-D3087A36BECA}.AppStore|iPhone.Build.0 = AppStore|iPhone
		{4040B75C-58AA-46D6-9977-D3087A36BECA}.AppStore|iPhone.Deploy.0 = AppStore|iPhone
		{4040B75C-58AA-46D6-9977-D3087A36BECA}.AppStore|iPhoneSimulator.ActiveCfg = AppStore|iPhoneSimulator
		{4040B75C-58AA-46D6-9977-D3087A36BECA}.AppStore|iPhoneSimulator.Build.0 = AppStore|iPhoneSimulator
		{4040B75C-58AA-46D6-9977-D3087A36BECA}.AppStore|iPhoneSimulator.Deploy.0 = AppStore|iPhoneSimulator
		{4040B75C-58AA-46D6-9977-D3087A36BECA}.Debug|Any CPU.ActiveCfg = Debug|iPhoneSimulator
		{4040B75C-58AA-46D6-9977-D3087A36BECA}.Debug|Any CPU.Build.0 = Debug|iPhoneSimulator
		{4040B75C-58AA-46D6-9977-D3087A36BECA}.Debug|Any CPU.Deploy.0 = Debug|iPhoneSimulator
		{4040B75C-58AA-46D6-9977-D3087A36BECA}.Debug|iPhone.ActiveCfg = Debug|iPhone
		{4040B75C-58AA-46D6-9977-D3087A36BECA}.Debug|iPhone.Build.0 = Debug|iPhone
		{4040B75C-58AA-46D6-9977-D3087A36BECA}.Debug|iPhone.Deploy.0 = Debug|iPhone
		{4040B75C-58AA-46D6-9977-D3087A36BECA}.Debug|iPhoneSimulator.ActiveCfg = Debug|iPhoneSimulator
		{4040B75C-58AA-46D6-9977-D3087A36BECA}.Debug|iPhoneSimulator.Build.0 = Debug|iPhoneSimulator
		{4040B75C-58AA-46D6-9977-D3087A36BECA}.Debug|iPhoneSimulator.Deploy.0 = Debug|iPhoneSimulator
		{4040B75C-58AA-46D6-9977-D3087A36BECA}.Release|Any CPU.ActiveCfg = Release|iPhone
		{4040B75C-58AA-46D6-9977-D3087A36BECA}.Release|Any CPU.Build.0 = Release|iPhone
		{4040B75C-58AA-46D6-9977-D3087A36BECA}.Release|Any CPU.Deploy.0 = Release|iPhone
		{4040B75C-58AA-46D6-9977-D3087A36BECA}.Release|iPhone.ActiveCfg = Release|iPhone
		{4040B75C-58AA-46D6-9977-D3087A36BECA}.Release|iPhone.Build.0 = Release|iPhone
		{4040B75C-58AA-46D6-9977-D3087A36BECA}.Release|iPhone.Deploy.0 = Release|iPhone
		{4040B75C-58AA-46D6-9977-D3087A36BECA}.Release|iPhoneSimulator.ActiveCfg = Release|iPhoneSimulator
		{4040B75C-58AA-46D6-9977-D3087A36BECA}.Release|iPhoneSimulator.Build.0 = Release|iPhoneSimulator
		{4040B75C-58AA-46D6-9977-D3087A36BECA}.Release|iPhoneSimulator.Deploy.0 = Release|iPhoneSimulator
		{0C85BBB5-7C4D-4180-AFC4-380B576B0F06}.Ad-Hoc|Any CPU.ActiveCfg = Debug|Any CPU
		{0C85BBB5-7C4D-4180-AFC4-380B576B0F06}.Ad-Hoc|Any CPU.Build.0 = Debug|Any CPU
		{0C85BBB5-7C4D-4180-AFC4-380B576B0F06}.Ad-Hoc|Any CPU.Deploy.0 = Debug|Any CPU
		{0C85BBB5-7C4D-4180-AFC4-380B576B0F06}.Ad-Hoc|iPhone.ActiveCfg = Debug|Any CPU
		{0C85BBB5-7C4D-4180-AFC4-380B576B0F06}.Ad-Hoc|iPhone.Build.0 = Debug|Any CPU
		{0C85BBB5-7C4D-4180-AFC4-380B576B0F06}.Ad-Hoc|iPhone.Deploy.0 = Debug|Any CPU
		{0C85BBB5-7C4D-4180-AFC4-380B576B0F06}.Ad-Hoc|iPhoneSimulator.ActiveCfg = Debug|Any CPU
		{0C85BBB5-7C4D-4180-AFC4-380B576B0F06}.Ad-Hoc|iPhoneSimulator.Build.0 = Debug|Any CPU
		{0C85BBB5-7C4D-4180-AFC4-380B576B0F06}.Ad-Hoc|iPhoneSimulator.Deploy.0 = Debug|Any CPU
		{0C85BBB5-7C4D-4180-AFC4-380B576B0F06}.AppStore|Any CPU.ActiveCfg = Debug|Any CPU
		{0C85BBB5-7C4D-4180-AFC4-380B576B0F06}.AppStore|Any CPU.Build.0 = Debug|Any CPU
		{0C85BBB5-7C4D-4180-AFC4-380B576B0F06}.AppStore|Any CPU.Deploy.0 = Debug|Any CPU
		{0C85BBB5-7C4D-4180-AFC4-380B576B0F06}.AppStore|iPhone.ActiveCfg = Debug|Any CPU
		{0C85BBB5-7C4D-4180-AFC4-380B576B0F06}.AppStore|iPhone.Build.0 = Debug|Any CPU
		{0C85BBB5-7C4D-4180-AFC4-380B576B0F06}.AppStore|iPhone.Deploy.0 = Debug|Any CPU
		{0C85BBB5-7C4D-4180-AFC4-380B576B0F06}.AppStore|iPhoneSimulator.ActiveCfg = Debug|Any CPU
		{0C85BBB5-7C4D-4180-AFC4-380B576B0F06}.AppStore|iPhoneSimulator.Build.0 = Debug|Any CPU
		{0C85BBB5-7C4D-4180-AFC4-380B576B0F06}.AppStore|iPhoneSimulator.Deploy.0 = Debug|Any CPU
		{0C85BBB5-7C4D-4180-AFC4-380B576B0F06}.Debug|Any CPU.ActiveCfg = Debug|Any CPU
		{0C85BBB5-7C4D-4180-AFC4-380B576B0F06}.Debug|Any CPU.Build.0 = Debug|Any CPU
		{0C85BBB5-7C4D-4180-AFC4-380B576B0F06}.Debug|Any CPU.Deploy.0 = Debug|Any CPU
		{0C85BBB5-7C4D-4180-AFC4-380B576B0F06}.Debug|iPhone.ActiveCfg = Debug|Any CPU
		{0C85BBB5-7C4D-4180-AFC4-380B576B0F06}.Debug|iPhone.Build.0 = Debug|Any CPU
		{0C85BBB5-7C4D-4180-AFC4-380B576B0F06}.Debug|iPhone.Deploy.0 = Debug|Any CPU
		{0C85BBB5-7C4D-4180-AFC4-380B576B0F06}.Debug|iPhoneSimulator.ActiveCfg = Debug|Any CPU
		{0C85BBB5-7C4D-4180-AFC4-380B576B0F06}.Debug|iPhoneSimulator.Build.0 = Debug|Any CPU
		{0C85BBB5-7C4D-4180-AFC4-380B576B0F06}.Debug|iPhoneSimulator.Deploy.0 = Debug|Any CPU
		{0C85BBB5-7C4D-4180-AFC4-380B576B0F06}.Release|Any CPU.ActiveCfg = Release|Any CPU
		{0C85BBB5-7C4D-4180-AFC4-380B576B0F06}.Release|Any CPU.Build.0 = Release|Any CPU
		{0C85BBB5-7C4D-4180-AFC4-380B576B0F06}.Release|Any CPU.Deploy.0 = Release|Any CPU
		{0C85BBB5-7C4D-4180-AFC4-380B576B0F06}.Release|iPhone.ActiveCfg = Release|Any CPU
		{0C85BBB5-7C4D-4180-AFC4-380B576B0F06}.Release|iPhone.Build.0 = Release|Any CPU
		{0C85BBB5-7C4D-4180-AFC4-380B576B0F06}.Release|iPhone.Deploy.0 = Release|Any CPU
		{0C85BBB5-7C4D-4180-AFC4-380B576B0F06}.Release|iPhoneSimulator.ActiveCfg = Release|Any CPU
		{0C85BBB5-7C4D-4180-AFC4-380B576B0F06}.Release|iPhoneSimulator.Build.0 = Release|Any CPU
		{0C85BBB5-7C4D-4180-AFC4-380B576B0F06}.Release|iPhoneSimulator.Deploy.0 = Release|Any CPU
		{8B30DDD9-8936-49B9-B88C-7AEAFE29E0C6}.Ad-Hoc|Any CPU.ActiveCfg = Release|Any CPU
		{8B30DDD9-8936-49B9-B88C-7AEAFE29E0C6}.Ad-Hoc|Any CPU.Build.0 = Release|Any CPU
		{8B30DDD9-8936-49B9-B88C-7AEAFE29E0C6}.Ad-Hoc|iPhone.ActiveCfg = Release|Any CPU
		{8B30DDD9-8936-49B9-B88C-7AEAFE29E0C6}.Ad-Hoc|iPhone.Build.0 = Release|Any CPU
		{8B30DDD9-8936-49B9-B88C-7AEAFE29E0C6}.Ad-Hoc|iPhoneSimulator.ActiveCfg = Release|Any CPU
		{8B30DDD9-8936-49B9-B88C-7AEAFE29E0C6}.Ad-Hoc|iPhoneSimulator.Build.0 = Release|Any CPU
		{8B30DDD9-8936-49B9-B88C-7AEAFE29E0C6}.AppStore|Any CPU.ActiveCfg = Release|Any CPU
		{8B30DDD9-8936-49B9-B88C-7AEAFE29E0C6}.AppStore|Any CPU.Build.0 = Release|Any CPU
		{8B30DDD9-8936-49B9-B88C-7AEAFE29E0C6}.AppStore|iPhone.ActiveCfg = Release|Any CPU
		{8B30DDD9-8936-49B9-B88C-7AEAFE29E0C6}.AppStore|iPhone.Build.0 = Release|Any CPU
		{8B30DDD9-8936-49B9-B88C-7AEAFE29E0C6}.AppStore|iPhoneSimulator.ActiveCfg = Release|Any CPU
		{8B30DDD9-8936-49B9-B88C-7AEAFE29E0C6}.AppStore|iPhoneSimulator.Build.0 = Release|Any CPU
		{8B30DDD9-8936-49B9-B88C-7AEAFE29E0C6}.Debug|Any CPU.ActiveCfg = Debug|Any CPU
		{8B30DDD9-8936-49B9-B88C-7AEAFE29E0C6}.Debug|Any CPU.Build.0 = Debug|Any CPU
		{8B30DDD9-8936-49B9-B88C-7AEAFE29E0C6}.Debug|iPhone.ActiveCfg = Debug|Any CPU
		{8B30DDD9-8936-49B9-B88C-7AEAFE29E0C6}.Debug|iPhone.Build.0 = Debug|Any CPU
		{8B30DDD9-8936-49B9-B88C-7AEAFE29E0C6}.Debug|iPhoneSimulator.ActiveCfg = Debug|Any CPU
		{8B30DDD9-8936-49B9-B88C-7AEAFE29E0C6}.Debug|iPhoneSimulator.Build.0 = Debug|Any CPU
		{8B30DDD9-8936-49B9-B88C-7AEAFE29E0C6}.Release|Any CPU.ActiveCfg = Release|Any CPU
		{8B30DDD9-8936-49B9-B88C-7AEAFE29E0C6}.Release|Any CPU.Build.0 = Release|Any CPU
		{8B30DDD9-8936-49B9-B88C-7AEAFE29E0C6}.Release|iPhone.ActiveCfg = Release|Any CPU
		{8B30DDD9-8936-49B9-B88C-7AEAFE29E0C6}.Release|iPhone.Build.0 = Release|Any CPU
		{8B30DDD9-8936-49B9-B88C-7AEAFE29E0C6}.Release|iPhoneSimulator.ActiveCfg = Release|Any CPU
		{8B30DDD9-8936-49B9-B88C-7AEAFE29E0C6}.Release|iPhoneSimulator.Build.0 = Release|Any CPU
	EndGlobalSection
	GlobalSection(SolutionProperties) = preSolution
		HideSolutionNode = FALSE
	EndGlobalSection
	GlobalSection(ExtensibilityGlobals) = postSolution
		SolutionGuid = {C8F76A4C-A4D0-4504-A5A2-27B564FCD1BB}
	EndGlobalSection
EndGlobal
